
Microsoft Visual Studio Solution File, Format Version 12.00
# Visual Studio Version 16
VisualStudioVersion = 16.0.30907.101
MinimumVisualStudioVersion = 10.0.40219.1
Project("{FAE04EC0-301F-11D3-BF4B-00C04F79EFBC}") = "Lab_4_task_1", "Lab_4_task_1\Lab_4_task_1.csproj", "{9AC2E615-6AA6-4B39-8408-B88E8F0A89C9}"
EndProject
Global
	GlobalSection(SolutionConfigurationPlatforms) = preSolution
		Debug|Any CPU = Debug|Any CPU
		Release|Any CPU = Release|Any CPU
	EndGlobalSection
	GlobalSection(ProjectConfigurationPlatforms) = postSolution
		{9AC2E615-6AA6-4B39-8408-B88E8F0A89C9}.Debug|Any CPU.ActiveCfg = Debug|Any CPU
		{9AC2E615-6AA6-4B39-8408-B88E8F0A89C9}.Debug|Any CPU.Build.0 = Debug|Any CPU
		{9AC2E615-6AA6-4B39-8408-B88E8F0A89C9}.Release|Any CPU.ActiveCfg = Release|Any CPU
		{9AC2E615-6AA6-4B39-8408-B88E8F0A89C9}.Release|Any CPU.Build.0 = Release|Any CPU
	EndGlobalSection
	GlobalSection(SolutionProperties) = preSolution
		HideSolutionNode = FALSE
	EndGlobalSection
	GlobalSection(ExtensibilityGlobals) = postSolution
		SolutionGuid = {DD385780-2FE6-41F2-B10D-5D70B41AED8E}
	EndGlobalSection
EndGlobal
