
Microsoft Visual Studio Solution File, Format Version 12.00
# Visual Studio Version 16
VisualStudioVersion = 16.0.30907.101
MinimumVisualStudioVersion = 10.0.40219.1
Project("{FAE04EC0-301F-11D3-BF4B-00C04F79EFBC}") = "Lab_4_task_2", "Lab_4_task_2\Lab_4_task_2.csproj", "{F608F22D-AB0F-4383-B382-C5E982EE3710}"
EndProject
Global
	GlobalSection(SolutionConfigurationPlatforms) = preSolution
		Debug|Any CPU = Debug|Any CPU
		Release|Any CPU = Release|Any CPU
	EndGlobalSection
	GlobalSection(ProjectConfigurationPlatforms) = postSolution
		{F608F22D-AB0F-4383-B382-C5E982EE3710}.Debug|Any CPU.ActiveCfg = Debug|Any CPU
		{F608F22D-AB0F-4383-B382-C5E982EE3710}.Debug|Any CPU.Build.0 = Debug|Any CPU
		{F608F22D-AB0F-4383-B382-C5E982EE3710}.Release|Any CPU.ActiveCfg = Release|Any CPU
		{F608F22D-AB0F-4383-B382-C5E982EE3710}.Release|Any CPU.Build.0 = Release|Any CPU
	EndGlobalSection
	GlobalSection(SolutionProperties) = preSolution
		HideSolutionNode = FALSE
	EndGlobalSection
	GlobalSection(ExtensibilityGlobals) = postSolution
		SolutionGuid = {FE05C6C5-2B35-46CD-ADB2-9B0264E723F9}
	EndGlobalSection
EndGlobal
